<?xml version="1.0" encoding="utf-8"?>
<Project ToolsVersion="4.0" xmlns="http://schemas.microsoft.com/developer/msbuild/2003">
  <ItemGroup>
    <Filter Include="controller">
      <UniqueIdentifier>{64f87305-fbf8-4789-9ea9-d4dad75aec41}</UniqueIdentifier>
    </Filter>
    <Filter Include="models">
      <UniqueIdentifier>{d9137be2-1346-46e4-a14c-47671c181ab1}</UniqueIdentifier>
    </Filter>
    <Filter Include="third_party">
      <UniqueIdentifier>{bca948e4-eb54-4348-8e08-0859e47914dd}</UniqueIdentifier>
    </Filter>
    <Filter Include="third_party\sudovda">
      <UniqueIdentifier>{bbde4261-12c5-4ba9-881c-977b59dc8300}</UniqueIdentifier>
    </Filter>
    <Filter Include="utils">
      <UniqueIdentifier>{f3ee543a-478e-499f-a3f0-176ee6d13b20}</UniqueIdentifier>
    </Filter>
  </ItemGroup>
  <ItemGroup>
    <ClCompile Include="utils\CliParser.h">
      <Filter>utils</Filter>
    </ClCompile>
    <ClCompile Include="utils\DisplayConfigUtils.cpp">
      <Filter>utils</Filter>
    </ClCompile>
    <ClCompile Include="utils\HdrUtils.cpp">
      <Filter>utils</Filter>
    </ClCompile>
    <ClCompile Include="controller\VirtualDisplaySession.cpp">
      <Filter>controller</Filter>
    </ClCompile>
    <ClCompile Include="controller\VirtualDisplayController.cpp">
      <Filter>controller</Filter>
    </ClCompile>
    <ClCompile Include="controller\VirtualDisplay.cpp">
      <Filter>controller</Filter>
    </ClCompile>
    <ClCompile Include="controller\VdaSession.cpp">
      <Filter>controller</Filter>
    </ClCompile>
    <ClCompile Include="controller\TrayServer.cpp">
      <Filter>controller</Filter>
    </ClCompile>
    <ClCompile Include="main.cpp" />
    <ClCompile Include="utils\ConfigStore.cpp" />
  </ItemGroup>
  <ItemGroup>
    <ClInclude Include="utils\DisplayConfigUtils.h">
      <Filter>utils</Filter>
    </ClInclude>
    <ClInclude Include="utils\GuidUtils.h">
      <Filter>utils</Filter>
    </ClInclude>
    <ClInclude Include="utils\HdrUtils.h">
      <Filter>utils</Filter>
    </ClInclude>
    <ClInclude Include="utils\JsonUtils.h">
      <Filter>utils</Filter>
    </ClInclude>
    <ClInclude Include="third_party\sudovda\sudovda-ioctl.h">
      <Filter>third_party\sudovda</Filter>
    </ClInclude>
    <ClInclude Include="third_party\sudovda\sudovda.h">
      <Filter>third_party\sudovda</Filter>
    </ClInclude>
    <ClInclude Include="models\VirtualDisplayTypes.h">
      <Filter>models</Filter>
    </ClInclude>
    <ClInclude Include="models\VirtualDisplayConfig.h">
      <Filter>models</Filter>
    </ClInclude>
    <ClInclude Include="controller\VirtualDisplaySession.h">
      <Filter>controller</Filter>
    </ClInclude>
    <ClInclude Include="controller\VirtualDisplayController.h">
      <Filter>controller</Filter>
    </ClInclude>
    <ClInclude Include="controller\VirtualDisplay.h">
      <Filter>controller</Filter>
    </ClInclude>
    <ClInclude Include="controller\VdaSession.h">
      <Filter>controller</Filter>
    </ClInclude>
    <ClInclude Include="controller\TrayServer.h">
      <Filter>controller</Filter>
    </ClInclude>
    <ClInclude Include="pch.h" />
    <ClInclude Include="utils\ConfigStore.h" />
  </ItemGroup>
</Project>