<?xml version="1.0" encoding="utf-8"?>
<Project ToolsVersion="4.0" xmlns="http://schemas.microsoft.com/developer/msbuild/2003">
  <ItemGroup>
    <Filter Include="controller">
      <UniqueIdentifier>{64f87305-fbf8-4789-9ea9-d4dad75aec41}</UniqueIdentifier>
    </Filter>
    <Filter Include="models">
      <UniqueIdentifier>{d9137be2-1346-46e4-a14c-47671c181ab1}</UniqueIdentifier>
    </Filter>
    <Filter Include="third_party">
      <UniqueIdentifier>{bca948e4-eb54-4348-8e08-0859e47914dd}</UniqueIdentifier>
    </Filter>
    <Filter Include="third_party\sudovda">
      <UniqueIdentifier>{bbde4261-12c5-4ba9-881c-977b59dc8300}</UniqueIdentifier>
    </Filter>
    <Filter Include="utils">
      <UniqueIdentifier>{f3ee543a-478e-499f-a3f0-176ee6d13b20}</UniqueIdentifier>
    </Filter>
  </ItemGroup>
  <ItemGroup>
    <ClCompile Include="utils\CliParser.h">
      <Filter>utils</Filter>
    </ClCompile>
    <ClCompile Include="utils\DisplayConfigUtils.cpp">
      <Filter>utils</Filter>
    </ClCompile>
    <ClCompile Include="utils\HdrUtils.cpp">
      <Filter>utils</Filter>
    </ClCompile>
    <ClCompile Include="controller\VirtualDisplayService.cpp">
      <Filter>controller</Filter>
    </ClCompile>
    <ClCompile Include="client\TrayServer.cpp">
      <Filter>controller</Filter>
    </ClCompile>
    <ClCompile Include="main.cpp" />
    <ClCompile Include="utils\ConfigStore.cpp" />
    <ClCompile Include="controller\VirtualDisplayService_handle.cpp" />
    <ClCompile Include="utils\Logger.cpp" />
    <ClCompile Include="client\TrayClient.cpp" />
    <ClCompile Include="app\VerbHandlers.cpp" />
    <ClCompile Include="app\SunshineConfig.cpp" />
    <ClCompile Include="client\TrayWindow.cpp" />
    <ClCompile Include="client\TrayMenuBuilder.cpp" />
    <ClCompile Include="client\TrayActions.cpp" />
    <ClCompile Include="client\CustomCreateDialog.cpp" />
    <ClCompile Include="client\PipeProtocol.cpp" />
    <ClCompile Include="controller\driver\SudoVdaDriver.cpp" />
    <ClCompile Include="controller\displayconfig\DisplayGeometry.cpp" />
    <ClCompile Include="controller\displayconfig\DisplayLayout.cpp" />
    <ClCompile Include="controller\displayconfig\DisplayTopology.cpp" />
  </ItemGroup>
  <ItemGroup>
    <ClInclude Include="utils\DisplayConfigUtils.h">
      <Filter>utils</Filter>
    </ClInclude>
    <ClInclude Include="utils\GuidUtils.h">
      <Filter>utils</Filter>
    </ClInclude>
    <ClInclude Include="utils\HdrUtils.h">
      <Filter>utils</Filter>
    </ClInclude>
    <ClInclude Include="utils\JsonUtils.h">
      <Filter>utils</Filter>
    </ClInclude>
    <ClInclude Include="third_party\sudovda\sudovda-ioctl.h">
      <Filter>third_party\sudovda</Filter>
    </ClInclude>
    <ClInclude Include="third_party\sudovda\sudovda.h">
      <Filter>third_party\sudovda</Filter>
    </ClInclude>
    <ClInclude Include="models\VirtualDisplayTypes.h">
      <Filter>models</Filter>
    </ClInclude>
    <ClInclude Include="models\VirtualDisplay.h">
      <Filter>models</Filter>
    </ClInclude>
    <ClInclude Include="controller\VirtualDisplayService.h">
      <Filter>controller</Filter>
    </ClInclude>
    <ClInclude Include="client\TrayServer.h">
      <Filter>controller</Filter>
    </ClInclude>
    <ClInclude Include="pch.h" />
    <ClInclude Include="utils\ConfigStore.h" />
    <ClInclude Include="resource.h" />
    <ClInclude Include="models\DisplayConfig.h" />
    <ClInclude Include="utils\JsonSerializers.h" />
    <ClInclude Include="utils\StringUtils.h" />
    <ClInclude Include="utils\ContainerUtils.h" />
    <ClInclude Include="utils\Logger.h" />
    <ClInclude Include="client\TrayClient.h" />
    <ClInclude Include="app\VerbHandlers.h" />
    <ClInclude Include="app\SunshineConfig.h" />
    <ClInclude Include="client\TrayWindow.h" />
    <ClInclude Include="client\TrayMenuBuilder.h" />
    <ClInclude Include="client\TrayActions.h" />
    <ClInclude Include="client\CustomCreateDialog.h" />
    <ClInclude Include="client\PipeProtocol.h" />
    <ClInclude Include="controller\driver\SudoVdaDriver.h" />
    <ClInclude Include="controller\displayconfig\DisplayGeometry.h" />
    <ClInclude Include="controller\displayconfig\DisplayLayout.h" />
    <ClInclude Include="controller\displayconfig\DisplayTopology.h" />
    <ClInclude Include="models\TrayMenuItem.h" />
  </ItemGroup>
  <ItemGroup>
    <Image Include="assets\svc.ico" />
  </ItemGroup>
  <ItemGroup>
    <ResourceCompile Include="resources.rc" />
  </ItemGroup>
  <ItemGroup>
    <Text Include="logs.txt" />
  </ItemGroup>
</Project>